
Microsoft Visual Studio Solution File, Format Version 12.00
# Visual Studio Version 16
VisualStudioVersion = 16.0.31624.102
MinimumVisualStudioVersion = 10.0.40219.1
Project("{8BC9CEB8-8B4A-11D0-8D11-00A0C91BC942}") = "greatest", "greatest.vcxproj", "{F1F20FAE-D99A-4557-94BE-7CBF7FBFF54E}"
EndProject
Global
	GlobalSection(SolutionConfigurationPlatforms) = preSolution
		Debug|x64 = Debug|x64
		Debug|x86 = Debug|x86
		Release|x64 = Release|x64
		Release|x86 = Release|x86
	EndGlobalSection
	GlobalSection(ProjectConfigurationPlatforms) = postSolution
		{F1F20FAE-D99A-4557-94BE-7CBF7FBFF54E}.Debug|x64.ActiveCfg = Debug|x64
		{F1F20FAE-D99A-4557-94BE-7CBF7FBFF54E}.Debug|x64.Build.0 = Debug|x64
		{F1F20FAE-D99A-4557-94BE-7CBF7FBFF54E}.Debug|x86.ActiveCfg = Debug|Win32
		{F1F20FAE-D99A-4557-94BE-7CBF7FBFF54E}.Debug|x86.Build.0 = Debug|Win32
		{F1F20FAE-D99A-4557-94BE-7CBF7FBFF54E}.Release|x64.ActiveCfg = Release|x64
		{F1F20FAE-D99A-4557-94BE-7CBF7FBFF54E}.Release|x64.Build.0 = Release|x64
		{F1F20FAE-D99A-4557-94BE-7CBF7FBFF54E}.Release|x86.ActiveCfg = Release|Win32
		{F1F20FAE-D99A-4557-94BE-7CBF7FBFF54E}.Release|x86.Build.0 = Release|Win32
	EndGlobalSection
	GlobalSection(SolutionProperties) = preSolution
		HideSolutionNode = FALSE
	EndGlobalSection
	GlobalSection(ExtensibilityGlobals) = postSolution
		SolutionGuid = {7810CEC5-9D6F-42A8-A1EC-759AD4C27C2B}
	EndGlobalSection
EndGlobal
