
Microsoft Visual Studio Solution File, Format Version 12.00
# Visual Studio Version 16
VisualStudioVersion = 16.0.31727.386
MinimumVisualStudioVersion = 10.0.40219.1
Project("{8BC9CEB8-8B4A-11D0-8D11-00A0C91BC942}") = "tokenizer", "tokenizer.vcxproj", "{8FE33DAC-2751-4C14-BDF5-6AC75DE493CB}"
EndProject
Global
	GlobalSection(SolutionConfigurationPlatforms) = preSolution
		Debug|x64 = Debug|x64
		Debug|x86 = Debug|x86
		Release|x64 = Release|x64
		Release|x86 = Release|x86
	EndGlobalSection
	GlobalSection(ProjectConfigurationPlatforms) = postSolution
		{8FE33DAC-2751-4C14-BDF5-6AC75DE493CB}.Debug|x64.ActiveCfg = Debug|x64
		{8FE33DAC-2751-4C14-BDF5-6AC75DE493CB}.Debug|x64.Build.0 = Debug|x64
		{8FE33DAC-2751-4C14-BDF5-6AC75DE493CB}.Debug|x86.ActiveCfg = Debug|Win32
		{8FE33DAC-2751-4C14-BDF5-6AC75DE493CB}.Debug|x86.Build.0 = Debug|Win32
		{8FE33DAC-2751-4C14-BDF5-6AC75DE493CB}.Release|x64.ActiveCfg = Release|x64
		{8FE33DAC-2751-4C14-BDF5-6AC75DE493CB}.Release|x64.Build.0 = Release|x64
		{8FE33DAC-2751-4C14-BDF5-6AC75DE493CB}.Release|x86.ActiveCfg = Release|Win32
		{8FE33DAC-2751-4C14-BDF5-6AC75DE493CB}.Release|x86.Build.0 = Release|Win32
	EndGlobalSection
	GlobalSection(SolutionProperties) = preSolution
		HideSolutionNode = FALSE
	EndGlobalSection
	GlobalSection(ExtensibilityGlobals) = postSolution
		SolutionGuid = {230C8DF0-4E62-4E09-8D23-0732DB452EC3}
	EndGlobalSection
EndGlobal
