
Microsoft Visual Studio Solution File, Format Version 12.00
# Visual Studio Version 16
VisualStudioVersion = 16.0.31729.503
MinimumVisualStudioVersion = 10.0.40219.1
Project("{8BC9CEB8-8B4A-11D0-8D11-00A0C91BC942}") = "Lb17", "Lb17.vcxproj", "{FB36B00C-0EC5-4FD2-A0FB-AF5D4CD39917}"
EndProject
Global
	GlobalSection(SolutionConfigurationPlatforms) = preSolution
		Debug|x64 = Debug|x64
		Debug|x86 = Debug|x86
		Release|x64 = Release|x64
		Release|x86 = Release|x86
	EndGlobalSection
	GlobalSection(ProjectConfigurationPlatforms) = postSolution
		{FB36B00C-0EC5-4FD2-A0FB-AF5D4CD39917}.Debug|x64.ActiveCfg = Debug|x64
		{FB36B00C-0EC5-4FD2-A0FB-AF5D4CD39917}.Debug|x64.Build.0 = Debug|x64
		{FB36B00C-0EC5-4FD2-A0FB-AF5D4CD39917}.Debug|x86.ActiveCfg = Debug|Win32
		{FB36B00C-0EC5-4FD2-A0FB-AF5D4CD39917}.Debug|x86.Build.0 = Debug|Win32
		{FB36B00C-0EC5-4FD2-A0FB-AF5D4CD39917}.Release|x64.ActiveCfg = Release|x64
		{FB36B00C-0EC5-4FD2-A0FB-AF5D4CD39917}.Release|x64.Build.0 = Release|x64
		{FB36B00C-0EC5-4FD2-A0FB-AF5D4CD39917}.Release|x86.ActiveCfg = Release|Win32
		{FB36B00C-0EC5-4FD2-A0FB-AF5D4CD39917}.Release|x86.Build.0 = Release|Win32
	EndGlobalSection
	GlobalSection(SolutionProperties) = preSolution
		HideSolutionNode = FALSE
	EndGlobalSection
	GlobalSection(ExtensibilityGlobals) = postSolution
		SolutionGuid = {3C9B2762-682C-4221-8914-EF15191BDBE8}
	EndGlobalSection
EndGlobal
